<?xml version="1.0" encoding="utf-8"?>
<Project ToolsVersion="4.0" xmlns="http://schemas.microsoft.com/developer/msbuild/2003">
  <ItemGroup>
    <Filter Include="common">
      <UniqueIdentifier>{fe909a4f-8602-439b-b615-04a1790cc41c}</UniqueIdentifier>
    </Filter>
    <Filter Include="resources">
      <UniqueIdentifier>{f5f45050-bb4e-4ee1-83ea-6ec93c3f25ff}</UniqueIdentifier>
    </Filter>
    <Filter Include="source">
      <UniqueIdentifier>{e1b241df-c0bf-472a-a533-448cf0a68428}</UniqueIdentifier>
    </Filter>
    <Filter Include="source\tdogl">
      <UniqueIdentifier>{74c1965e-d92c-4593-a0ad-7e0ecf9f822f}</UniqueIdentifier>
    </Filter>
  </ItemGroup>
  <ItemGroup>
    <ClCompile Include="..\..\source\common\thirdparty\glew\src\glew.c">
      <Filter>common</Filter>
    </ClCompile>
    <ClCompile Include="platform_windows.cpp">
      <Filter>common</Filter>
    </ClCompile>
    <ClCompile Include="..\..\source\01_project_skeleton\source\main.cpp">
      <Filter>source</Filter>
    </ClCompile>
    <ClCompile Include="..\..\source\01_project_skeleton\source\tdogl\Shader.cpp">
      <Filter>source\tdogl</Filter>
    </ClCompile>
    <ClCompile Include="..\..\source\01_project_skeleton\source\tdogl\Texture.cpp">
      <Filter>source\tdogl</Filter>
    </ClCompile>
    <ClCompile Include="..\..\source\01_project_skeleton\source\tdogl\Bitmap.cpp">
      <Filter>source\tdogl</Filter>
    </ClCompile>
    <ClCompile Include="..\..\source\01_project_skeleton\source\tdogl\Program.cpp">
      <Filter>source\tdogl</Filter>
    </ClCompile>
  </ItemGroup>
  <ItemGroup>
    <Text Include="..\..\source\01_project_skeleton\resources\vertex-shader.txt">
      <Filter>resources</Filter>
    </Text>
    <Text Include="..\..\source\01_project_skeleton\resources\fragment-shader.txt">
      <Filter>resources</Filter>
    </Text>
  </ItemGroup>
  <ItemGroup>
    <Image Include="..\..\source\01_project_skeleton\resources\hazard.png">
      <Filter>resources</Filter>
    </Image>
  </ItemGroup>
  <ItemGroup>
    <ClInclude Include="..\..\source\01_project_skeleton\source\tdogl\Shader.h">
      <Filter>source\tdogl</Filter>
    </ClInclude>
    <ClInclude Include="..\..\source\01_project_skeleton\source\tdogl\Texture.h">
      <Filter>source\tdogl</Filter>
    </ClInclude>
    <ClInclude Include="..\..\source\01_project_skeleton\source\tdogl\Bitmap.h">
      <Filter>source\tdogl</Filter>
    </ClInclude>
    <ClInclude Include="..\..\source\01_project_skeleton\source\tdogl\Program.h">
      <Filter>source\tdogl</Filter>
    </ClInclude>
  </ItemGroup>
</Project>