
Microsoft Visual Studio Solution File, Format Version 12.00
# Visual Studio Version 16
VisualStudioVersion = 16.0.29509.3
MinimumVisualStudioVersion = 10.0.40219.1
Project("{8BC9CEB8-8B4A-11D0-8D11-00A0C91BC942}") = "01_project_skeleton", "platforms\windows\01_project_skeleton.vcxproj", "{0E839A2B-C52A-406F-B290-E21A585D9178}"
EndProject
Project("{8BC9CEB8-8B4A-11D0-8D11-00A0C91BC942}") = "02_textures", "platforms\windows\02_textures.vcxproj", "{872F49FD-A39D-4180-B5EC-52D4325FD9A3}"
EndProject
Project("{8BC9CEB8-8B4A-11D0-8D11-00A0C91BC942}") = "03_matrices", "platforms\windows\03_matrices.vcxproj", "{2DD67AF3-0BB1-4E5D-AB2A-D777423F28BB}"
EndProject
Global
	GlobalSection(SolutionConfigurationPlatforms) = preSolution
		Debug|Win32 = Debug|Win32
		Debug|x64 = Debug|x64
		Release|Win32 = Release|Win32
		Release|x64 = Release|x64
	EndGlobalSection
	GlobalSection(ProjectConfigurationPlatforms) = postSolution
		{0E839A2B-C52A-406F-B290-E21A585D9178}.Debug|Win32.ActiveCfg = Debug|Win32
		{0E839A2B-C52A-406F-B290-E21A585D9178}.Debug|Win32.Build.0 = Debug|Win32
		{0E839A2B-C52A-406F-B290-E21A585D9178}.Debug|x64.ActiveCfg = Debug|Win32
		{0E839A2B-C52A-406F-B290-E21A585D9178}.Release|Win32.ActiveCfg = Release|Win32
		{0E839A2B-C52A-406F-B290-E21A585D9178}.Release|Win32.Build.0 = Release|Win32
		{0E839A2B-C52A-406F-B290-E21A585D9178}.Release|x64.ActiveCfg = Release|Win32
		{872F49FD-A39D-4180-B5EC-52D4325FD9A3}.Debug|Win32.ActiveCfg = Debug|Win32
		{872F49FD-A39D-4180-B5EC-52D4325FD9A3}.Debug|Win32.Build.0 = Debug|Win32
		{872F49FD-A39D-4180-B5EC-52D4325FD9A3}.Debug|x64.ActiveCfg = Debug|Win32
		{872F49FD-A39D-4180-B5EC-52D4325FD9A3}.Release|Win32.ActiveCfg = Release|Win32
		{872F49FD-A39D-4180-B5EC-52D4325FD9A3}.Release|Win32.Build.0 = Release|Win32
		{872F49FD-A39D-4180-B5EC-52D4325FD9A3}.Release|x64.ActiveCfg = Release|Win32
		{2DD67AF3-0BB1-4E5D-AB2A-D777423F28BB}.Debug|Win32.ActiveCfg = Debug|Win32
		{2DD67AF3-0BB1-4E5D-AB2A-D777423F28BB}.Debug|Win32.Build.0 = Debug|Win32
		{2DD67AF3-0BB1-4E5D-AB2A-D777423F28BB}.Debug|x64.ActiveCfg = Debug|Win32
		{2DD67AF3-0BB1-4E5D-AB2A-D777423F28BB}.Release|Win32.ActiveCfg = Release|Win32
		{2DD67AF3-0BB1-4E5D-AB2A-D777423F28BB}.Release|Win32.Build.0 = Release|Win32
		{2DD67AF3-0BB1-4E5D-AB2A-D777423F28BB}.Release|x64.ActiveCfg = Release|Win32
	EndGlobalSection
	GlobalSection(SolutionProperties) = preSolution
		HideSolutionNode = FALSE
	EndGlobalSection
	GlobalSection(ExtensibilityGlobals) = postSolution
		SolutionGuid = {89F66349-486E-4CCF-8EBC-9A6A05B8B717}
	EndGlobalSection
EndGlobal
